
Microsoft Visual Studio Solution File, Format Version 12.00
# Visual Studio 2012
Project("{FAE04EC0-301F-11D3-BF4B-00C04F79EFBC}") = "AutoCompleteBox", "AutoCompleteBox\AutoCompleteBox.csproj", "{87A98823-5248-43A7-BB3D-98F362DD7550}"
EndProject
Project("{FAE04EC0-301F-11D3-BF4B-00C04F79EFBC}") = "TestApp", "TestApp\TestApp.csproj", "{984E8084-095A-40C1-81A2-2FE1A207BDE7}"
EndProject
Global
	GlobalSection(SolutionConfigurationPlatforms) = preSolution
		Debug|Any CPU = Debug|Any CPU
		Debug|ARM = Debug|ARM
		Debug|x64 = Debug|x64
		Debug|x86 = Debug|x86
		Release|Any CPU = Release|Any CPU
		Release|ARM = Release|ARM
		Release|x64 = Release|x64
		Release|x86 = Release|x86
	EndGlobalSection
	GlobalSection(ProjectConfigurationPlatforms) = postSolution
		{87A98823-5248-43A7-BB3D-98F362DD7550}.Debug|Any CPU.ActiveCfg = Debug|Any CPU
		{87A98823-5248-43A7-BB3D-98F362DD7550}.Debug|Any CPU.Build.0 = Debug|Any CPU
		{87A98823-5248-43A7-BB3D-98F362DD7550}.Debug|ARM.ActiveCfg = Debug|ARM
		{87A98823-5248-43A7-BB3D-98F362DD7550}.Debug|ARM.Build.0 = Debug|ARM
		{87A98823-5248-43A7-BB3D-98F362DD7550}.Debug|x64.ActiveCfg = Debug|x64
		{87A98823-5248-43A7-BB3D-98F362DD7550}.Debug|x64.Build.0 = Debug|x64
		{87A98823-5248-43A7-BB3D-98F362DD7550}.Debug|x86.ActiveCfg = Debug|x86
		{87A98823-5248-43A7-BB3D-98F362DD7550}.Debug|x86.Build.0 = Debug|x86
		{87A98823-5248-43A7-BB3D-98F362DD7550}.Release|Any CPU.ActiveCfg = Release|Any CPU
		{87A98823-5248-43A7-BB3D-98F362DD7550}.Release|Any CPU.Build.0 = Release|Any CPU
		{87A98823-5248-43A7-BB3D-98F362DD7550}.Release|ARM.ActiveCfg = Release|ARM
		{87A98823-5248-43A7-BB3D-98F362DD7550}.Release|ARM.Build.0 = Release|ARM
		{87A98823-5248-43A7-BB3D-98F362DD7550}.Release|x64.ActiveCfg = Release|x64
		{87A98823-5248-43A7-BB3D-98F362DD7550}.Release|x64.Build.0 = Release|x64
		{87A98823-5248-43A7-BB3D-98F362DD7550}.Release|x86.ActiveCfg = Release|x86
		{87A98823-5248-43A7-BB3D-98F362DD7550}.Release|x86.Build.0 = Release|x86
		{984E8084-095A-40C1-81A2-2FE1A207BDE7}.Debug|Any CPU.ActiveCfg = Debug|Any CPU
		{984E8084-095A-40C1-81A2-2FE1A207BDE7}.Debug|Any CPU.Build.0 = Debug|Any CPU
		{984E8084-095A-40C1-81A2-2FE1A207BDE7}.Debug|Any CPU.Deploy.0 = Debug|Any CPU
		{984E8084-095A-40C1-81A2-2FE1A207BDE7}.Debug|ARM.ActiveCfg = Debug|ARM
		{984E8084-095A-40C1-81A2-2FE1A207BDE7}.Debug|ARM.Build.0 = Debug|ARM
		{984E8084-095A-40C1-81A2-2FE1A207BDE7}.Debug|ARM.Deploy.0 = Debug|ARM
		{984E8084-095A-40C1-81A2-2FE1A207BDE7}.Debug|x64.ActiveCfg = Debug|x64
		{984E8084-095A-40C1-81A2-2FE1A207BDE7}.Debug|x64.Build.0 = Debug|x64
		{984E8084-095A-40C1-81A2-2FE1A207BDE7}.Debug|x64.Deploy.0 = Debug|x64
		{984E8084-095A-40C1-81A2-2FE1A207BDE7}.Debug|x86.ActiveCfg = Debug|x86
		{984E8084-095A-40C1-81A2-2FE1A207BDE7}.Debug|x86.Build.0 = Debug|x86
		{984E8084-095A-40C1-81A2-2FE1A207BDE7}.Debug|x86.Deploy.0 = Debug|x86
		{984E8084-095A-40C1-81A2-2FE1A207BDE7}.Release|Any CPU.ActiveCfg = Release|Any CPU
		{984E8084-095A-40C1-81A2-2FE1A207BDE7}.Release|Any CPU.Build.0 = Release|Any CPU
		{984E8084-095A-40C1-81A2-2FE1A207BDE7}.Release|Any CPU.Deploy.0 = Release|Any CPU
		{984E8084-095A-40C1-81A2-2FE1A207BDE7}.Release|ARM.ActiveCfg = Release|ARM
		{984E8084-095A-40C1-81A2-2FE1A207BDE7}.Release|ARM.Build.0 = Release|ARM
		{984E8084-095A-40C1-81A2-2FE1A207BDE7}.Release|ARM.Deploy.0 = Release|ARM
		{984E8084-095A-40C1-81A2-2FE1A207BDE7}.Release|x64.ActiveCfg = Release|x64
		{984E8084-095A-40C1-81A2-2FE1A207BDE7}.Release|x64.Build.0 = Release|x64
		{984E8084-095A-40C1-81A2-2FE1A207BDE7}.Release|x64.Deploy.0 = Release|x64
		{984E8084-095A-40C1-81A2-2FE1A207BDE7}.Release|x86.ActiveCfg = Release|x86
		{984E8084-095A-40C1-81A2-2FE1A207BDE7}.Release|x86.Build.0 = Release|x86
		{984E8084-095A-40C1-81A2-2FE1A207BDE7}.Release|x86.Deploy.0 = Release|x86
	EndGlobalSection
	GlobalSection(SolutionProperties) = preSolution
		HideSolutionNode = FALSE
	EndGlobalSection
EndGlobal
